// !$*UTF8*$!
{
	archiveVersion = 1;
	classes = {
	};
	objectVersion = 56;
	objects = {

/* Begin PBXBuildFile section */
		462D6A292BE86D8800B04A24 /* AppDelegate.swift in Sources */ = {isa = PBXBuildFile; fileRef = 462D6A282BE86D8800B04A24 /* AppDelegate.swift */; };
		462D6A2B2BE86D8800B04A24 /* SceneDelegate.swift in Sources */ = {isa = PBXBuildFile; fileRef = 462D6A2A2BE86D8800B04A24 /* SceneDelegate.swift */; };
		462D6A2D2BE86D8800B04A24 /* MainTabBarViewController.swift in Sources */ = {isa = PBXBuildFile; fileRef = 462D6A2C2BE86D8800B04A24 /* MainTabBarViewController.swift */; };
		462D6A322BE86D8A00B04A24 /* Assets.xcassets in Resources */ = {isa = PBXBuildFile; fileRef = 462D6A312BE86D8A00B04A24 /* Assets.xcassets */; };
		462D6A352BE86D8A00B04A24 /* LaunchScreen.storyboard in Resources */ = {isa = PBXBuildFile; fileRef = 462D6A332BE86D8A00B04A24 /* LaunchScreen.storyboard */; };
		46348D7A2BE87167002EE9DA /* HomeViewController.swift in Sources */ = {isa = PBXBuildFile; fileRef = 46348D792BE87167002EE9DA /* HomeViewController.swift */; };
		46348D7C2BE871A6002EE9DA /* UpComingViewController.swift in Sources */ = {isa = PBXBuildFile; fileRef = 46348D7B2BE871A6002EE9DA /* UpComingViewController.swift */; };
		46348D7E2BE871D7002EE9DA /* SearchViewController.swift in Sources */ = {isa = PBXBuildFile; fileRef = 46348D7D2BE871D7002EE9DA /* SearchViewController.swift */; };
		46348D802BE87206002EE9DA /* DownloadViewController.swift in Sources */ = {isa = PBXBuildFile; fileRef = 46348D7F2BE87206002EE9DA /* DownloadViewController.swift */; };
		46348D872BE88A84002EE9DA /* CollectionViewTableViewCell.swift in Sources */ = {isa = PBXBuildFile; fileRef = 46348D862BE88A84002EE9DA /* CollectionViewTableViewCell.swift */; };
		46348D892BE8B55A002EE9DA /* HeroHeaderUIView.swift in Sources */ = {isa = PBXBuildFile; fileRef = 46348D882BE8B55A002EE9DA /* HeroHeaderUIView.swift */; };
		46348D8B2BEB9BCF002EE9DA /* APICaller.swift in Sources */ = {isa = PBXBuildFile; fileRef = 46348D8A2BEB9BCF002EE9DA /* APICaller.swift */; };
		46348D8D2BEBA39D002EE9DA /* Title.swift in Sources */ = {isa = PBXBuildFile; fileRef = 46348D8C2BEBA39D002EE9DA /* Title.swift */; };
		46348D8F2BEBA72C002EE9DA /* Extensions.swift in Sources */ = {isa = PBXBuildFile; fileRef = 46348D8E2BEBA72C002EE9DA /* Extensions.swift */; };
		46348D932BEC66A7002EE9DA /* TitleCollectionViewCell.swift in Sources */ = {isa = PBXBuildFile; fileRef = 46348D922BEC66A7002EE9DA /* TitleCollectionViewCell.swift */; };
		46348D962BEC687C002EE9DA /* SDWebImage in Frameworks */ = {isa = PBXBuildFile; productRef = 46348D952BEC687C002EE9DA /* SDWebImage */; };
		46348D982BEC687C002EE9DA /* SDWebImageMapKit in Frameworks */ = {isa = PBXBuildFile; productRef = 46348D972BEC687C002EE9DA /* SDWebImageMapKit */; };
		46348D9A2BEC72C8002EE9DA /* SDWebImage in Frameworks */ = {isa = PBXBuildFile; productRef = 46348D992BEC72C8002EE9DA /* SDWebImage */; };
		46348D9C2BEC72C8002EE9DA /* SDWebImageMapKit in Frameworks */ = {isa = PBXBuildFile; productRef = 46348D9B2BEC72C8002EE9DA /* SDWebImageMapKit */; };
		46AAAEE42BEE0F54007A560C /* TitleTableViewCell.swift in Sources */ = {isa = PBXBuildFile; fileRef = 46AAAEE32BEE0F54007A560C /* TitleTableViewCell.swift */; };
/* End PBXBuildFile section */

/* Begin PBXFileReference section */
		462D6A252BE86D8800B04A24 /* Nertflix.app */ = {isa = PBXFileReference; explicitFileType = wrapper.application; includeInIndex = 0; path = Nertflix.app; sourceTree = BUILT_PRODUCTS_DIR; };
		462D6A282BE86D8800B04A24 /* AppDelegate.swift */ = {isa = PBXFileReference; lastKnownFileType = sourcecode.swift; path = AppDelegate.swift; sourceTree = "<group>"; };
		462D6A2A2BE86D8800B04A24 /* SceneDelegate.swift */ = {isa = PBXFileReference; lastKnownFileType = sourcecode.swift; path = SceneDelegate.swift; sourceTree = "<group>"; };
		462D6A2C2BE86D8800B04A24 /* MainTabBarViewController.swift */ = {isa = PBXFileReference; lastKnownFileType = sourcecode.swift; path = MainTabBarViewController.swift; sourceTree = "<group>"; };
		462D6A312BE86D8A00B04A24 /* Assets.xcassets */ = {isa = PBXFileReference; lastKnownFileType = folder.assetcatalog; path = Assets.xcassets; sourceTree = "<group>"; };
		462D6A342BE86D8A00B04A24 /* Base */ = {isa = PBXFileReference; lastKnownFileType = file.storyboard; name = Base; path = Base.lproj/LaunchScreen.storyboard; sourceTree = "<group>"; };
		462D6A362BE86D8A00B04A24 /* Info.plist */ = {isa = PBXFileReference; lastKnownFileType = text.plist.xml; path = Info.plist; sourceTree = "<group>"; };
		46348D792BE87167002EE9DA /* HomeViewController.swift */ = {isa = PBXFileReference; lastKnownFileType = sourcecode.swift; path = HomeViewController.swift; sourceTree = "<group>"; };
		46348D7B2BE871A6002EE9DA /* UpComingViewController.swift */ = {isa = PBXFileReference; lastKnownFileType = sourcecode.swift; path = UpComingViewController.swift; sourceTree = "<group>"; };
		46348D7D2BE871D7002EE9DA /* SearchViewController.swift */ = {isa = PBXFileReference; lastKnownFileType = sourcecode.swift; path = SearchViewController.swift; sourceTree = "<group>"; };
		46348D7F2BE87206002EE9DA /* DownloadViewController.swift */ = {isa = PBXFileReference; lastKnownFileType = sourcecode.swift; path = DownloadViewController.swift; sourceTree = "<group>"; };
		46348D862BE88A84002EE9DA /* CollectionViewTableViewCell.swift */ = {isa = PBXFileReference; lastKnownFileType = sourcecode.swift; path = CollectionViewTableViewCell.swift; sourceTree = "<group>"; };
		46348D882BE8B55A002EE9DA /* HeroHeaderUIView.swift */ = {isa = PBXFileReference; lastKnownFileType = sourcecode.swift; path = HeroHeaderUIView.swift; sourceTree = "<group>"; };
		46348D8A2BEB9BCF002EE9DA /* APICaller.swift */ = {isa = PBXFileReference; lastKnownFileType = sourcecode.swift; path = APICaller.swift; sourceTree = "<group>"; };
		46348D8C2BEBA39D002EE9DA /* Title.swift */ = {isa = PBXFileReference; lastKnownFileType = sourcecode.swift; path = Title.swift; sourceTree = "<group>"; };
		46348D8E2BEBA72C002EE9DA /* Extensions.swift */ = {isa = PBXFileReference; lastKnownFileType = sourcecode.swift; path = Extensions.swift; sourceTree = "<group>"; };
		46348D922BEC66A7002EE9DA /* TitleCollectionViewCell.swift */ = {isa = PBXFileReference; lastKnownFileType = sourcecode.swift; path = TitleCollectionViewCell.swift; sourceTree = "<group>"; };
		46AAAEE32BEE0F54007A560C /* TitleTableViewCell.swift */ = {isa = PBXFileReference; lastKnownFileType = sourcecode.swift; path = TitleTableViewCell.swift; sourceTree = "<group>"; };
/* End PBXFileReference section */

/* Begin PBXFrameworksBuildPhase section */
		462D6A222BE86D8800B04A24 /* Frameworks */ = {
			isa = PBXFrameworksBuildPhase;
			buildActionMask = 2147483647;
			files = (
				46348D9A2BEC72C8002EE9DA /* SDWebImage in Frameworks */,
				46348D982BEC687C002EE9DA /* SDWebImageMapKit in Frameworks */,
				46348D9C2BEC72C8002EE9DA /* SDWebImageMapKit in Frameworks */,
				46348D962BEC687C002EE9DA /* SDWebImage in Frameworks */,
			);
			runOnlyForDeploymentPostprocessing = 0;
		};
/* End PBXFrameworksBuildPhase section */

/* Begin PBXGroup section */
		462D6A1C2BE86D8800B04A24 = {
			isa = PBXGroup;
			children = (
				462D6A272BE86D8800B04A24 /* Nertflix */,
				462D6A262BE86D8800B04A24 /* Products */,
			);
			sourceTree = "<group>";
		};
		462D6A262BE86D8800B04A24 /* Products */ = {
			isa = PBXGroup;
			children = (
				462D6A252BE86D8800B04A24 /* Nertflix.app */,
			);
			name = Products;
			sourceTree = "<group>";
		};
		462D6A272BE86D8800B04A24 /* Nertflix */ = {
			isa = PBXGroup;
			children = (
				46348D852BE88A3B002EE9DA /* Managers */,
				46348D842BE88A2A002EE9DA /* Resources */,
				46348D832BE88A03002EE9DA /* Models */,
				46348D822BE889ED002EE9DA /* ViewModels */,
				46348D782BE87129002EE9DA /* View */,
				462D6A282BE86D8800B04A24 /* AppDelegate.swift */,
				462D6A2A2BE86D8800B04A24 /* SceneDelegate.swift */,
				462D6A2C2BE86D8800B04A24 /* MainTabBarViewController.swift */,
				462D6A312BE86D8A00B04A24 /* Assets.xcassets */,
				462D6A332BE86D8A00B04A24 /* LaunchScreen.storyboard */,
				462D6A362BE86D8A00B04A24 /* Info.plist */,
			);
			path = Nertflix;
			sourceTree = "<group>";
		};
		46348D782BE87129002EE9DA /* View */ = {
			isa = PBXGroup;
			children = (
				46348D792BE87167002EE9DA /* HomeViewController.swift */,
				46348D862BE88A84002EE9DA /* CollectionViewTableViewCell.swift */,
				46348D882BE8B55A002EE9DA /* HeroHeaderUIView.swift */,
				46348D922BEC66A7002EE9DA /* TitleCollectionViewCell.swift */,
				46AAAEE32BEE0F54007A560C /* TitleTableViewCell.swift */,
				46348D7B2BE871A6002EE9DA /* UpComingViewController.swift */,
				46348D7D2BE871D7002EE9DA /* SearchViewController.swift */,
				46348D7F2BE87206002EE9DA /* DownloadViewController.swift */,
			);
			path = View;
			sourceTree = "<group>";
		};
		46348D822BE889ED002EE9DA /* ViewModels */ = {
			isa = PBXGroup;
			children = (
			);
			path = ViewModels;
			sourceTree = "<group>";
		};
		46348D832BE88A03002EE9DA /* Models */ = {
			isa = PBXGroup;
			children = (
				46348D8C2BEBA39D002EE9DA /* Title.swift */,
			);
			path = Models;
			sourceTree = "<group>";
		};
		46348D842BE88A2A002EE9DA /* Resources */ = {
			isa = PBXGroup;
			children = (
				46348D8E2BEBA72C002EE9DA /* Extensions.swift */,
			);
			path = Resources;
			sourceTree = "<group>";
		};
		46348D852BE88A3B002EE9DA /* Managers */ = {
			isa = PBXGroup;
			children = (
				46348D8A2BEB9BCF002EE9DA /* APICaller.swift */,
			);
			path = Managers;
			sourceTree = "<group>";
		};
/* End PBXGroup section */

/* Begin PBXNativeTarget section */
		462D6A242BE86D8800B04A24 /* Nertflix */ = {
			isa = PBXNativeTarget;
			buildConfigurationList = 462D6A392BE86D8A00B04A24 /* Build configuration list for PBXNativeTarget "Nertflix" */;
			buildPhases = (
				462D6A212BE86D8800B04A24 /* Sources */,
				462D6A222BE86D8800B04A24 /* Frameworks */,
				462D6A232BE86D8800B04A24 /* Resources */,
			);
			buildRules = (
			);
			dependencies = (
			);
			name = Nertflix;
			packageProductDependencies = (
				46348D952BEC687C002EE9DA /* SDWebImage */,
				46348D972BEC687C002EE9DA /* SDWebImageMapKit */,
				46348D992BEC72C8002EE9DA /* SDWebImage */,
				46348D9B2BEC72C8002EE9DA /* SDWebImageMapKit */,
			);
			productName = Nertflix;
			productReference = 462D6A252BE86D8800B04A24 /* Nertflix.app */;
			productType = "com.apple.product-type.application";
		};
/* End PBXNativeTarget section */

/* Begin PBXProject section */
		462D6A1D2BE86D8800B04A24 /* Project object */ = {
			isa = PBXProject;
			attributes = {
				BuildIndependentTargetsInParallel = 1;
				LastSwiftUpdateCheck = 1520;
				LastUpgradeCheck = 1520;
				TargetAttributes = {
					462D6A242BE86D8800B04A24 = {
						CreatedOnToolsVersion = 15.2;
					};
				};
			};
			buildConfigurationList = 462D6A202BE86D8800B04A24 /* Build configuration list for PBXProject "Nertflix" */;
			compatibilityVersion = "Xcode 14.0";
			developmentRegion = en;
			hasScannedForEncodings = 0;
			knownRegions = (
				en,
				Base,
			);
			mainGroup = 462D6A1C2BE86D8800B04A24;
			packageReferences = (
				46348D942BEC687C002EE9DA /* XCRemoteSwiftPackageReference "SDWebImage" */,
			);
			productRefGroup = 462D6A262BE86D8800B04A24 /* Products */;
			projectDirPath = "";
			projectRoot = "";
			targets = (
				462D6A242BE86D8800B04A24 /* Nertflix */,
			);
		};
/* End PBXProject section */

/* Begin PBXResourcesBuildPhase section */
		462D6A232BE86D8800B04A24 /* Resources */ = {
			isa = PBXResourcesBuildPhase;
			buildActionMask = 2147483647;
			files = (
				462D6A352BE86D8A00B04A24 /* LaunchScreen.storyboard in Resources */,
				462D6A322BE86D8A00B04A24 /* Assets.xcassets in Resources */,
			);
			runOnlyForDeploymentPostprocessing = 0;
		};
/* End PBXResourcesBuildPhase section */

/* Begin PBXSourcesBuildPhase section */
		462D6A212BE86D8800B04A24 /* Sources */ = {
			isa = PBXSourcesBuildPhase;
			buildActionMask = 2147483647;
			files = (
				46AAAEE42BEE0F54007A560C /* TitleTableViewCell.swift in Sources */,
				46348D7E2BE871D7002EE9DA /* SearchViewController.swift in Sources */,
				46348D932BEC66A7002EE9DA /* TitleCollectionViewCell.swift in Sources */,
				462D6A2D2BE86D8800B04A24 /* MainTabBarViewController.swift in Sources */,
				46348D872BE88A84002EE9DA /* CollectionViewTableViewCell.swift in Sources */,
				46348D8B2BEB9BCF002EE9DA /* APICaller.swift in Sources */,
				46348D892BE8B55A002EE9DA /* HeroHeaderUIView.swift in Sources */,
				462D6A292BE86D8800B04A24 /* AppDelegate.swift in Sources */,
				46348D802BE87206002EE9DA /* DownloadViewController.swift in Sources */,
				46348D8F2BEBA72C002EE9DA /* Extensions.swift in Sources */,
				46348D7C2BE871A6002EE9DA /* UpComingViewController.swift in Sources */,
				462D6A2B2BE86D8800B04A24 /* SceneDelegate.swift in Sources */,
				46348D8D2BEBA39D002EE9DA /* Title.swift in Sources */,
				46348D7A2BE87167002EE9DA /* HomeViewController.swift in Sources */,
			);
			runOnlyForDeploymentPostprocessing = 0;
		};
/* End PBXSourcesBuildPhase section */

/* Begin PBXVariantGroup section */
		462D6A332BE86D8A00B04A24 /* LaunchScreen.storyboard */ = {
			isa = PBXVariantGroup;
			children = (
				462D6A342BE86D8A00B04A24 /* Base */,
			);
			name = LaunchScreen.storyboard;
			sourceTree = "<group>";
		};
/* End PBXVariantGroup section */

/* Begin XCBuildConfiguration section */
		462D6A372BE86D8A00B04A24 /* Debug */ = {
			isa = XCBuildConfiguration;
			buildSettings = {
				ALWAYS_SEARCH_USER_PATHS = NO;
				ASSETCATALOG_COMPILER_GENERATE_SWIFT_ASSET_SYMBOL_EXTENSIONS = YES;
				CLANG_ANALYZER_NONNULL = YES;
				CLANG_ANALYZER_NUMBER_OBJECT_CONVERSION = YES_AGGRESSIVE;
				CLANG_CXX_LANGUAGE_STANDARD = "gnu++20";
				CLANG_ENABLE_MODULES = YES;
				CLANG_ENABLE_OBJC_ARC = YES;
				CLANG_ENABLE_OBJC_WEAK = YES;
				CLANG_WARN_BLOCK_CAPTURE_AUTORELEASING = YES;
				CLANG_WARN_BOOL_CONVERSION = YES;
				CLANG_WARN_COMMA = YES;
				CLANG_WARN_CONSTANT_CONVERSION = YES;
				CLANG_WARN_DEPRECATED_OBJC_IMPLEMENTATIONS = YES;
				CLANG_WARN_DIRECT_OBJC_ISA_USAGE = YES_ERROR;
				CLANG_WARN_DOCUMENTATION_COMMENTS = YES;
				CLANG_WARN_EMPTY_BODY = YES;
				CLANG_WARN_ENUM_CONVERSION = YES;
				CLANG_WARN_INFINITE_RECURSION = YES;
				CLANG_WARN_INT_CONVERSION = YES;
				CLANG_WARN_NON_LITERAL_NULL_CONVERSION = YES;
				CLANG_WARN_OBJC_IMPLICIT_RETAIN_SELF = YES;
				CLANG_WARN_OBJC_LITERAL_CONVERSION = YES;
				CLANG_WARN_OBJC_ROOT_CLASS = YES_ERROR;
				CLANG_WARN_QUOTED_INCLUDE_IN_FRAMEWORK_HEADER = YES;
				CLANG_WARN_RANGE_LOOP_ANALYSIS = YES;
				CLANG_WARN_STRICT_PROTOTYPES = YES;
				CLANG_WARN_SUSPICIOUS_MOVE = YES;
				CLANG_WARN_UNGUARDED_AVAILABILITY = YES_AGGRESSIVE;
				CLANG_WARN_UNREACHABLE_CODE = YES;
				CLANG_WARN__DUPLICATE_METHOD_MATCH = YES;
				COPY_PHASE_STRIP = NO;
				DEBUG_INFORMATION_FORMAT = dwarf;
				ENABLE_STRICT_OBJC_MSGSEND = YES;
				ENABLE_TESTABILITY = YES;
				ENABLE_USER_SCRIPT_SANDBOXING = YES;
				GCC_C_LANGUAGE_STANDARD = gnu17;
				GCC_DYNAMIC_NO_PIC = NO;
				GCC_NO_COMMON_BLOCKS = YES;
				GCC_OPTIMIZATION_LEVEL = 0;
				GCC_PREPROCESSOR_DEFINITIONS = (
					"DEBUG=1",
					"$(inherited)",
				);
				GCC_WARN_64_TO_32_BIT_CONVERSION = YES;
				GCC_WARN_ABOUT_RETURN_TYPE = YES_ERROR;
				GCC_WARN_UNDECLARED_SELECTOR = YES;
				GCC_WARN_UNINITIALIZED_AUTOS = YES_AGGRESSIVE;
				GCC_WARN_UNUSED_FUNCTION = YES;
				GCC_WARN_UNUSED_VARIABLE = YES;
				IPHONEOS_DEPLOYMENT_TARGET = 17.2;
				LOCALIZATION_PREFERS_STRING_CATALOGS = YES;
				MTL_ENABLE_DEBUG_INFO = INCLUDE_SOURCE;
				MTL_FAST_MATH = YES;
				ONLY_ACTIVE_ARCH = YES;
				SDKROOT = iphoneos;
				SWIFT_ACTIVE_COMPILATION_CONDITIONS = "DEBUG $(inherited)";
				SWIFT_OPTIMIZATION_LEVEL = "-Onone";
			};
			name = Debug;
		};
		462D6A382BE86D8A00B04A24 /* Release */ = {
			isa = XCBuildConfiguration;
			buildSettings = {
				ALWAYS_SEARCH_USER_PATHS = NO;
				ASSETCATALOG_COMPILER_GENERATE_SWIFT_ASSET_SYMBOL_EXTENSIONS = YES;
				CLANG_ANALYZER_NONNULL = YES;
				CLANG_ANALYZER_NUMBER_OBJECT_CONVERSION = YES_AGGRESSIVE;
				CLANG_CXX_LANGUAGE_STANDARD = "gnu++20";
				CLANG_ENABLE_MODULES = YES;
				CLANG_ENABLE_OBJC_ARC = YES;
				CLANG_ENABLE_OBJC_WEAK = YES;
				CLANG_WARN_BLOCK_CAPTURE_AUTORELEASING = YES;
				CLANG_WARN_BOOL_CONVERSION = YES;
				CLANG_WARN_COMMA = YES;
				CLANG_WARN_CONSTANT_CONVERSION = YES;
				CLANG_WARN_DEPRECATED_OBJC_IMPLEMENTATIONS = YES;
				CLANG_WARN_DIRECT_OBJC_ISA_USAGE = YES_ERROR;
				CLANG_WARN_DOCUMENTATION_COMMENTS = YES;
				CLANG_WARN_EMPTY_BODY = YES;
				CLANG_WARN_ENUM_CONVERSION = YES;
				CLANG_WARN_INFINITE_RECURSION = YES;
				CLANG_WARN_INT_CONVERSION = YES;
				CLANG_WARN_NON_LITERAL_NULL_CONVERSION = YES;
				CLANG_WARN_OBJC_IMPLICIT_RETAIN_SELF = YES;
				CLANG_WARN_OBJC_LITERAL_CONVERSION = YES;
				CLANG_WARN_OBJC_ROOT_CLASS = YES_ERROR;
				CLANG_WARN_QUOTED_INCLUDE_IN_FRAMEWORK_HEADER = YES;
				CLANG_WARN_RANGE_LOOP_ANALYSIS = YES;
				CLANG_WARN_STRICT_PROTOTYPES = YES;
				CLANG_WARN_SUSPICIOUS_MOVE = YES;
				CLANG_WARN_UNGUARDED_AVAILABILITY = YES_AGGRESSIVE;
				CLANG_WARN_UNREACHABLE_CODE = YES;
				CLANG_WARN__DUPLICATE_METHOD_MATCH = YES;
				COPY_PHASE_STRIP = NO;
				DEBUG_INFORMATION_FORMAT = "dwarf-with-dsym";
				ENABLE_NS_ASSERTIONS = NO;
				ENABLE_STRICT_OBJC_MSGSEND = YES;
				ENABLE_USER_SCRIPT_SANDBOXING = YES;
				GCC_C_LANGUAGE_STANDARD = gnu17;
				GCC_NO_COMMON_BLOCKS = YES;
				GCC_WARN_64_TO_32_BIT_CONVERSION = YES;
				GCC_WARN_ABOUT_RETURN_TYPE = YES_ERROR;
				GCC_WARN_UNDECLARED_SELECTOR = YES;
				GCC_WARN_UNINITIALIZED_AUTOS = YES_AGGRESSIVE;
				GCC_WARN_UNUSED_FUNCTION = YES;
				GCC_WARN_UNUSED_VARIABLE = YES;
				IPHONEOS_DEPLOYMENT_TARGET = 17.2;
				LOCALIZATION_PREFERS_STRING_CATALOGS = YES;
				MTL_ENABLE_DEBUG_INFO = NO;
				MTL_FAST_MATH = YES;
				SDKROOT = iphoneos;
				SWIFT_COMPILATION_MODE = wholemodule;
				VALIDATE_PRODUCT = YES;
			};
			name = Release;
		};
		462D6A3A2BE86D8A00B04A24 /* Debug */ = {
			isa = XCBuildConfiguration;
			buildSettings = {
				ASSETCATALOG_COMPILER_APPICON_NAME = AppIcon;
				ASSETCATALOG_COMPILER_GLOBAL_ACCENT_COLOR_NAME = AccentColor;
				CODE_SIGN_STYLE = Automatic;
				CURRENT_PROJECT_VERSION = 1;
				DEVELOPMENT_TEAM = H3756WSM47;
				GENERATE_INFOPLIST_FILE = YES;
				INFOPLIST_FILE = Nertflix/Info.plist;
				INFOPLIST_KEY_UIApplicationSupportsIndirectInputEvents = YES;
				INFOPLIST_KEY_UILaunchStoryboardName = LaunchScreen;
				INFOPLIST_KEY_UISupportedInterfaceOrientations_iPad = "UIInterfaceOrientationPortrait UIInterfaceOrientationPortraitUpsideDown UIInterfaceOrientationLandscapeLeft UIInterfaceOrientationLandscapeRight";
				INFOPLIST_KEY_UISupportedInterfaceOrientations_iPhone = "UIInterfaceOrientationPortrait UIInterfaceOrientationLandscapeLeft UIInterfaceOrientationLandscapeRight";
				LD_RUNPATH_SEARCH_PATHS = (
					"$(inherited)",
					"@executable_path/Frameworks",
				);
				MARKETING_VERSION = 1.0;
				PRODUCT_BUNDLE_IDENTIFIER = com.example.hgiang.Nertflix;
				PRODUCT_NAME = "$(TARGET_NAME)";
				SWIFT_EMIT_LOC_STRINGS = YES;
				SWIFT_VERSION = 5.0;
				TARGETED_DEVICE_FAMILY = "1,2";
			};
			name = Debug;
		};
		462D6A3B2BE86D8A00B04A24 /* Release */ = {
			isa = XCBuildConfiguration;
			buildSettings = {
				ASSETCATALOG_COMPILER_APPICON_NAME = AppIcon;
				ASSETCATALOG_COMPILER_GLOBAL_ACCENT_COLOR_NAME = AccentColor;
				CODE_SIGN_STYLE = Automatic;
				CURRENT_PROJECT_VERSION = 1;
				DEVELOPMENT_TEAM = H3756WSM47;
				GENERATE_INFOPLIST_FILE = YES;
				INFOPLIST_FILE = Nertflix/Info.plist;
				INFOPLIST_KEY_UIApplicationSupportsIndirectInputEvents = YES;
				INFOPLIST_KEY_UILaunchStoryboardName = LaunchScreen;
				INFOPLIST_KEY_UISupportedInterfaceOrientations_iPad = "UIInterfaceOrientationPortrait UIInterfaceOrientationPortraitUpsideDown UIInterfaceOrientationLandscapeLeft UIInterfaceOrientationLandscapeRight";
				INFOPLIST_KEY_UISupportedInterfaceOrientations_iPhone = "UIInterfaceOrientationPortrait UIInterfaceOrientationLandscapeLeft UIInterfaceOrientationLandscapeRight";
				LD_RUNPATH_SEARCH_PATHS = (
					"$(inherited)",
					"@executable_path/Frameworks",
				);
				MARKETING_VERSION = 1.0;
				PRODUCT_BUNDLE_IDENTIFIER = com.example.hgiang.Nertflix;
				PRODUCT_NAME = "$(TARGET_NAME)";
				SWIFT_EMIT_LOC_STRINGS = YES;
				SWIFT_VERSION = 5.0;
				TARGETED_DEVICE_FAMILY = "1,2";
			};
			name = Release;
		};
/* End XCBuildConfiguration section */

/* Begin XCConfigurationList section */
		462D6A202BE86D8800B04A24 /* Build configuration list for PBXProject "Nertflix" */ = {
			isa = XCConfigurationList;
			buildConfigurations = (
				462D6A372BE86D8A00B04A24 /* Debug */,
				462D6A382BE86D8A00B04A24 /* Release */,
			);
			defaultConfigurationIsVisible = 0;
			defaultConfigurationName = Release;
		};
		462D6A392BE86D8A00B04A24 /* Build configuration list for PBXNativeTarget "Nertflix" */ = {
			isa = XCConfigurationList;
			buildConfigurations = (
				462D6A3A2BE86D8A00B04A24 /* Debug */,
				462D6A3B2BE86D8A00B04A24 /* Release */,
			);
			defaultConfigurationIsVisible = 0;
			defaultConfigurationName = Release;
		};
/* End XCConfigurationList section */

/* Begin XCRemoteSwiftPackageReference section */
		46348D942BEC687C002EE9DA /* XCRemoteSwiftPackageReference "SDWebImage" */ = {
			isa = XCRemoteSwiftPackageReference;
			repositoryURL = "https://github.com/SDWebImage/SDWebImage.git";
			requirement = {
				kind = upToNextMajorVersion;
				minimumVersion = 5.19.2;
			};
		};
/* End XCRemoteSwiftPackageReference section */

/* Begin XCSwiftPackageProductDependency section */
		46348D952BEC687C002EE9DA /* SDWebImage */ = {
			isa = XCSwiftPackageProductDependency;
			package = 46348D942BEC687C002EE9DA /* XCRemoteSwiftPackageReference "SDWebImage" */;
			productName = SDWebImage;
		};
		46348D972BEC687C002EE9DA /* SDWebImageMapKit */ = {
			isa = XCSwiftPackageProductDependency;
			package = 46348D942BEC687C002EE9DA /* XCRemoteSwiftPackageReference "SDWebImage" */;
			productName = SDWebImageMapKit;
		};
		46348D992BEC72C8002EE9DA /* SDWebImage */ = {
			isa = XCSwiftPackageProductDependency;
			package = 46348D942BEC687C002EE9DA /* XCRemoteSwiftPackageReference "SDWebImage" */;
			productName = SDWebImage;
		};
		46348D9B2BEC72C8002EE9DA /* SDWebImageMapKit */ = {
			isa = XCSwiftPackageProductDependency;
			package = 46348D942BEC687C002EE9DA /* XCRemoteSwiftPackageReference "SDWebImage" */;
			productName = SDWebImageMapKit;
		};
/* End XCSwiftPackageProductDependency section */
	};
	rootObject = 462D6A1D2BE86D8800B04A24 /* Project object */;
}
